PODS:
  - LVExtension (0.0.1)
  - LVHybrid (0.1.0):
    - LVExtension

DEPENDENCIES:
  - LVHybrid (from `../`)

SPEC REPOS:
  trunk:
    - LVExtension

EXTERNAL SOURCES:
  LVHybrid:
    :path: "../"

SPEC CHECKSUMS:
  LVExtension: 032ffd7e6c43028a8fa0d752fa3884e64114475a
  LVHybrid: 74fbabc6d524ff142513d0f2437cabd5b47a4ce7

PODFILE CHECKSUM: 4f28dea547bc427babefe53828dd2e22425fcbf0

COCOAPODS: 1.10.0
